
Microsoft Visual Studio Solution File, Format Version 12.00
# Visual Studio 15
VisualStudioVersion = 15.0.27428.2043
MinimumVisualStudioVersion = 10.0.40219.1
Project("{FAE04EC0-301F-11D3-BF4B-00C04F79EFBC}") = "WebAPIOther", "WebAPIOther\WebAPIOther.csproj", "{AFE41CFC-E4EF-42BF-9945-223B69F6ADF6}"
EndProject
Project("{E53339B2-1760-4266-BCC7-CA923CBCF16C}") = "docker-compose", "docker-compose.dcproj", "{00FD0A5A-815C-431A-B4B3-16D2A532CCFB}"
EndProject
Global
	GlobalSection(SolutionConfigurationPlatforms) = preSolution
		Debug|Any CPU = Debug|Any CPU
		Release|Any CPU = Release|Any CPU
	EndGlobalSection
	GlobalSection(ProjectConfigurationPlatforms) = postSolution
		{AFE41CFC-E4EF-42BF-9945-223B69F6ADF6}.Debug|Any CPU.ActiveCfg = Debug|Any CPU
		{AFE41CFC-E4EF-42BF-9945-223B69F6ADF6}.Debug|Any CPU.Build.0 = Debug|Any CPU
		{AFE41CFC-E4EF-42BF-9945-223B69F6ADF6}.Release|Any CPU.ActiveCfg = Release|Any CPU
		{AFE41CFC-E4EF-42BF-9945-223B69F6ADF6}.Release|Any CPU.Build.0 = Release|Any CPU
		{00FD0A5A-815C-431A-B4B3-16D2A532CCFB}.Debug|Any CPU.ActiveCfg = Debug|Any CPU
		{00FD0A5A-815C-431A-B4B3-16D2A532CCFB}.Debug|Any CPU.Build.0 = Debug|Any CPU
		{00FD0A5A-815C-431A-B4B3-16D2A532CCFB}.Release|Any CPU.ActiveCfg = Release|Any CPU
		{00FD0A5A-815C-431A-B4B3-16D2A532CCFB}.Release|Any CPU.Build.0 = Release|Any CPU
	EndGlobalSection
	GlobalSection(SolutionProperties) = preSolution
		HideSolutionNode = FALSE
	EndGlobalSection
	GlobalSection(ExtensibilityGlobals) = postSolution
		SolutionGuid = {7AA498BD-7D3E-4189-92D3-8D96E7EB2223}
	EndGlobalSection
EndGlobal
